
Microsoft Visual Studio Solution File, Format Version 12.00
# Visual Studio Version 16
VisualStudioVersion = 16.0.29509.3
MinimumVisualStudioVersion = 10.0.40219.1
Project("{FAE04EC0-301F-11D3-BF4B-00C04F79EFBC}") = "maashesaplama", "maashesaplama\maashesaplama.csproj", "{EA19307E-DF99-4305-B8CF-EE75F56FF8BD}"
EndProject
Global
	GlobalSection(SolutionConfigurationPlatforms) = preSolution
		Debug|Any CPU = Debug|Any CPU
		Release|Any CPU = Release|Any CPU
	EndGlobalSection
	GlobalSection(ProjectConfigurationPlatforms) = postSolution
		{EA19307E-DF99-4305-B8CF-EE75F56FF8BD}.Debug|Any CPU.ActiveCfg = Debug|Any CPU
		{EA19307E-DF99-4305-B8CF-EE75F56FF8BD}.Debug|Any CPU.Build.0 = Debug|Any CPU
		{EA19307E-DF99-4305-B8CF-EE75F56FF8BD}.Release|Any CPU.ActiveCfg = Release|Any CPU
		{EA19307E-DF99-4305-B8CF-EE75F56FF8BD}.Release|Any CPU.Build.0 = Release|Any CPU
	EndGlobalSection
	GlobalSection(SolutionProperties) = preSolution
		HideSolutionNode = FALSE
	EndGlobalSection
	GlobalSection(ExtensibilityGlobals) = postSolution
		SolutionGuid = {18F0BE98-7B4D-436F-BCD7-3D188AFD589E}
	EndGlobalSection
EndGlobal
